
Microsoft Visual Studio Solution File, Format Version 12.00
# Visual Studio Version 16
VisualStudioVersion = 16.0.31402.337
MinimumVisualStudioVersion = 10.0.40219.1
Project("{9A19103F-16F7-4668-BE54-9A1E7A4F7556}") = "TMS.API", "TMS.API\TMS.API.csproj", "{73B0B442-3C61-4FA1-ADD1-BECBC1CDFC10}"
EndProject
Project("{9A19103F-16F7-4668-BE54-9A1E7A4F7556}") = "TMS.Infrastructure", "TMS.Infrastructure\TMS.Infrastructure.csproj", "{7BD9BEF6-014D-47E5-96DC-D341AE6E537F}"
EndProject
Project("{9A19103F-16F7-4668-BE54-9A1E7A4F7556}") = "TMS.Services", "TMS.Services\TMS.Services.csproj", "{98B18A70-3C63-4E6B-BB18-105B418731F2}"
EndProject
Project("{9A19103F-16F7-4668-BE54-9A1E7A4F7556}") = "TMS.Data", "TMS.Data\TMS.Data.csproj", "{3DBBEA87-AC23-4E76-8B1E-2C1865E5BBE2}"
EndProject
Global
	GlobalSection(SolutionConfigurationPlatforms) = preSolution
		Debug|Any CPU = Debug|Any CPU
		Production|Any CPU = Production|Any CPU
		Release|Any CPU = Release|Any CPU
	EndGlobalSection
	GlobalSection(ProjectConfigurationPlatforms) = postSolution
		{73B0B442-3C61-4FA1-ADD1-BECBC1CDFC10}.Debug|Any CPU.ActiveCfg = Debug|Any CPU
		{73B0B442-3C61-4FA1-ADD1-BECBC1CDFC10}.Debug|Any CPU.Build.0 = Debug|Any CPU
		{73B0B442-3C61-4FA1-ADD1-BECBC1CDFC10}.Production|Any CPU.ActiveCfg = Production|Any CPU
		{73B0B442-3C61-4FA1-ADD1-BECBC1CDFC10}.Production|Any CPU.Build.0 = Production|Any CPU
		{73B0B442-3C61-4FA1-ADD1-BECBC1CDFC10}.Release|Any CPU.ActiveCfg = Release|Any CPU
		{73B0B442-3C61-4FA1-ADD1-BECBC1CDFC10}.Release|Any CPU.Build.0 = Release|Any CPU
		{7BD9BEF6-014D-47E5-96DC-D341AE6E537F}.Debug|Any CPU.ActiveCfg = Debug|Any CPU
		{7BD9BEF6-014D-47E5-96DC-D341AE6E537F}.Debug|Any CPU.Build.0 = Debug|Any CPU
		{7BD9BEF6-014D-47E5-96DC-D341AE6E537F}.Production|Any CPU.ActiveCfg = Production|Any CPU
		{7BD9BEF6-014D-47E5-96DC-D341AE6E537F}.Production|Any CPU.Build.0 = Production|Any CPU
		{7BD9BEF6-014D-47E5-96DC-D341AE6E537F}.Release|Any CPU.ActiveCfg = Release|Any CPU
		{7BD9BEF6-014D-47E5-96DC-D341AE6E537F}.Release|Any CPU.Build.0 = Release|Any CPU
		{98B18A70-3C63-4E6B-BB18-105B418731F2}.Debug|Any CPU.ActiveCfg = Debug|Any CPU
		{98B18A70-3C63-4E6B-BB18-105B418731F2}.Debug|Any CPU.Build.0 = Debug|Any CPU
		{98B18A70-3C63-4E6B-BB18-105B418731F2}.Production|Any CPU.ActiveCfg = Production|Any CPU
		{98B18A70-3C63-4E6B-BB18-105B418731F2}.Production|Any CPU.Build.0 = Production|Any CPU
		{98B18A70-3C63-4E6B-BB18-105B418731F2}.Release|Any CPU.ActiveCfg = Release|Any CPU
		{98B18A70-3C63-4E6B-BB18-105B418731F2}.Release|Any CPU.Build.0 = Release|Any CPU
		{3DBBEA87-AC23-4E76-8B1E-2C1865E5BBE2}.Debug|Any CPU.ActiveCfg = Debug|Any CPU
		{3DBBEA87-AC23-4E76-8B1E-2C1865E5BBE2}.Debug|Any CPU.Build.0 = Debug|Any CPU
		{3DBBEA87-AC23-4E76-8B1E-2C1865E5BBE2}.Production|Any CPU.ActiveCfg = Production|Any CPU
		{3DBBEA87-AC23-4E76-8B1E-2C1865E5BBE2}.Production|Any CPU.Build.0 = Production|Any CPU
		{3DBBEA87-AC23-4E76-8B1E-2C1865E5BBE2}.Release|Any CPU.ActiveCfg = Release|Any CPU
		{3DBBEA87-AC23-4E76-8B1E-2C1865E5BBE2}.Release|Any CPU.Build.0 = Release|Any CPU
	EndGlobalSection
	GlobalSection(SolutionProperties) = preSolution
		HideSolutionNode = FALSE
	EndGlobalSection
	GlobalSection(ExtensibilityGlobals) = postSolution
		SolutionGuid = {6C940875-7F77-4052-AD13-D4C835132FDF}
	EndGlobalSection
EndGlobal
